schema: '2.0'
stages:
  recomart_pipeline:
    cmd: python -m src.orchestration.prefect_flow --mode full --db
      data/recomart.db --raw-dir data/raw --model-dir models/content --report
      reports/model_metrics.json --api-page-size 100000 --vector-size 256
      --feature-retention 5 --target transaction --test-days 14
      --validation-days 14 --k 10 --max-history 30 --min-cooccurrence 2
      --neighbors 50
    deps:
    - path: data/raw
      hash: md5
      md5: 19cdee87944c59fc15c51396fe37cd88.dir
      size: 987498023
      nfiles: 4
    - path: requirements.txt
      hash: md5
      md5: 85926af65a83f44eaa9f8586069a439c
      size: 196
    - path: src
      hash: md5
      md5: b6e91ccb37adf50f74cf305f47e011dc.dir
      size: 196160
      nfiles: 35
    params:
      params.yaml:
        curation.feature_retention: 5
        curation.vector_size: 256
        ingestion.api_page_size: 100000
        model.k: 10
        model.max_history: 30
        model.min_cooccurrence: 2
        model.neighbors: 50
        split.target: transaction
        split.test_days: 14
        tuning.validation_days: 14
    outs:
    - path: data/recomart.db
      hash: md5
      md5: 4ac06245b0f1091fdeef9d2953393573
      size: 2875150336
    - path: models/content
      hash: md5
      md5: 4e899bbb385f248456599bd75f53f8c6.dir
      size: 19918704
      nfiles: 4
    - path: reports/feature_registry.json
      hash: md5
      md5: 350ff6b3c8d79876cad186495999f193
      size: 1960
    - path: reports/model_metrics.json
      hash: md5
      md5: 77bb91101a381df911f2c7ec2b35ede2
      size: 606
